
Microsoft Visual Studio Solution File, Format Version 12.00
# Visual Studio Version 16
VisualStudioVersion = 16.0.32126.315
MinimumVisualStudioVersion = 10.0.40219.1
Project("{9A19103F-16F7-4668-BE54-9A1E7A4F7556}") = "01. Unique Usernames", "01. Unique Usernames\01. Unique Usernames.csproj", "{F055E31D-9CDE-4EA8-A297-E6C079F43EBD}"
EndProject
Project("{9A19103F-16F7-4668-BE54-9A1E7A4F7556}") = "02. Sets of Elements", "02. Sets of Elements\02. Sets of Elements.csproj", "{8786BB2C-EABC-46C0-9F62-ABF662D436E4}"
EndProject
Project("{9A19103F-16F7-4668-BE54-9A1E7A4F7556}") = "03. Periodic Table", "03. Periodic Table\03. Periodic Table.csproj", "{396AE4D1-2392-4D16-9591-C230CC55500E}"
EndProject
Project("{9A19103F-16F7-4668-BE54-9A1E7A4F7556}") = "04. Even Times", "04. Even Times\04. Even Times.csproj", "{5FAFE5E8-BDF2-4DC6-909B-04CCD557433A}"
EndProject
Project("{9A19103F-16F7-4668-BE54-9A1E7A4F7556}") = "05. Count Symbols", "05. Count Symbols\05. Count Symbols.csproj", "{3E4FC641-686F-470B-93EE-05435AA58D6F}"
EndProject
Project("{9A19103F-16F7-4668-BE54-9A1E7A4F7556}") = "06. Wardrobe", "06. Wardrobe\06. Wardrobe.csproj", "{A98F5DCB-B5A9-4127-A6BD-F0C8A1A14427}"
EndProject
Project("{9A19103F-16F7-4668-BE54-9A1E7A4F7556}") = "07. The V-Logger", "07. The V-Logger\07. The V-Logger.csproj", "{440F3160-5E0C-4A51-B901-32B55F446716}"
EndProject
Project("{9A19103F-16F7-4668-BE54-9A1E7A4F7556}") = "08. Ranking", "08. Ranking\08. Ranking.csproj", "{F90ED394-1424-4707-A2E1-73D66EA90C89}"
EndProject
Project("{FAE04EC0-301F-11D3-BF4B-00C04F79EFBC}") = "09. SoftUni Exam Results", "09. SoftUni Exam Results\09. SoftUni Exam Results.csproj", "{621D2ADF-F301-4AC7-B62B-FBA6D801A53A}"
EndProject
Project("{FAE04EC0-301F-11D3-BF4B-00C04F79EFBC}") = "10. ForceBook", "10. ForceBook\10. ForceBook.csproj", "{DC8A402B-24F2-4AC7-A65D-D7FA50468DB1}"
EndProject
Global
	GlobalSection(SolutionConfigurationPlatforms) = preSolution
		Debug|Any CPU = Debug|Any CPU
		Release|Any CPU = Release|Any CPU
	EndGlobalSection
	GlobalSection(ProjectConfigurationPlatforms) = postSolution
		{F055E31D-9CDE-4EA8-A297-E6C079F43EBD}.Debug|Any CPU.ActiveCfg = Debug|Any CPU
		{F055E31D-9CDE-4EA8-A297-E6C079F43EBD}.Debug|Any CPU.Build.0 = Debug|Any CPU
		{F055E31D-9CDE-4EA8-A297-E6C079F43EBD}.Release|Any CPU.ActiveCfg = Release|Any CPU
		{F055E31D-9CDE-4EA8-A297-E6C079F43EBD}.Release|Any CPU.Build.0 = Release|Any CPU
		{8786BB2C-EABC-46C0-9F62-ABF662D436E4}.Debug|Any CPU.ActiveCfg = Debug|Any CPU
		{8786BB2C-EABC-46C0-9F62-ABF662D436E4}.Debug|Any CPU.Build.0 = Debug|Any CPU
		{8786BB2C-EABC-46C0-9F62-ABF662D436E4}.Release|Any CPU.ActiveCfg = Release|Any CPU
		{8786BB2C-EABC-46C0-9F62-ABF662D436E4}.Release|Any CPU.Build.0 = Release|Any CPU
		{396AE4D1-2392-4D16-9591-C230CC55500E}.Debug|Any CPU.ActiveCfg = Debug|Any CPU
		{396AE4D1-2392-4D16-9591-C230CC55500E}.Debug|Any CPU.Build.0 = Debug|Any CPU
		{396AE4D1-2392-4D16-9591-C230CC55500E}.Release|Any CPU.ActiveCfg = Release|Any CPU
		{396AE4D1-2392-4D16-9591-C230CC55500E}.Release|Any CPU.Build.0 = Release|Any CPU
		{5FAFE5E8-BDF2-4DC6-909B-04CCD557433A}.Debug|Any CPU.ActiveCfg = Debug|Any CPU
		{5FAFE5E8-BDF2-4DC6-909B-04CCD557433A}.Debug|Any CPU.Build.0 = Debug|Any CPU
		{5FAFE5E8-BDF2-4DC6-909B-04CCD557433A}.Release|Any CPU.ActiveCfg = Release|Any CPU
		{5FAFE5E8-BDF2-4DC6-909B-04CCD557433A}.Release|Any CPU.Build.0 = Release|Any CPU
		{3E4FC641-686F-470B-93EE-05435AA58D6F}.Debug|Any CPU.ActiveCfg = Debug|Any CPU
		{3E4FC641-686F-470B-93EE-05435AA58D6F}.Debug|Any CPU.Build.0 = Debug|Any CPU
		{3E4FC641-686F-470B-93EE-05435AA58D6F}.Release|Any CPU.ActiveCfg = Release|Any CPU
		{3E4FC641-686F-470B-93EE-05435AA58D6F}.Release|Any CPU.Build.0 = Release|Any CPU
		{A98F5DCB-B5A9-4127-A6BD-F0C8A1A14427}.Debug|Any CPU.ActiveCfg = Debug|Any CPU
		{A98F5DCB-B5A9-4127-A6BD-F0C8A1A14427}.Debug|Any CPU.Build.0 = Debug|Any CPU
		{A98F5DCB-B5A9-4127-A6BD-F0C8A1A14427}.Release|Any CPU.ActiveCfg = Release|Any CPU
		{A98F5DCB-B5A9-4127-A6BD-F0C8A1A14427}.Release|Any CPU.Build.0 = Release|Any CPU
		{440F3160-5E0C-4A51-B901-32B55F446716}.Debug|Any CPU.ActiveCfg = Debug|Any CPU
		{440F3160-5E0C-4A51-B901-32B55F446716}.Debug|Any CPU.Build.0 = Debug|Any CPU
		{440F3160-5E0C-4A51-B901-32B55F446716}.Release|Any CPU.ActiveCfg = Release|Any CPU
		{440F3160-5E0C-4A51-B901-32B55F446716}.Release|Any CPU.Build.0 = Release|Any CPU
		{F90ED394-1424-4707-A2E1-73D66EA90C89}.Debug|Any CPU.ActiveCfg = Debug|Any CPU
		{F90ED394-1424-4707-A2E1-73D66EA90C89}.Debug|Any CPU.Build.0 = Debug|Any CPU
		{F90ED394-1424-4707-A2E1-73D66EA90C89}.Release|Any CPU.ActiveCfg = Release|Any CPU
		{F90ED394-1424-4707-A2E1-73D66EA90C89}.Release|Any CPU.Build.0 = Release|Any CPU
		{621D2ADF-F301-4AC7-B62B-FBA6D801A53A}.Debug|Any CPU.ActiveCfg = Debug|Any CPU
		{621D2ADF-F301-4AC7-B62B-FBA6D801A53A}.Debug|Any CPU.Build.0 = Debug|Any CPU
		{621D2ADF-F301-4AC7-B62B-FBA6D801A53A}.Release|Any CPU.ActiveCfg = Release|Any CPU
		{621D2ADF-F301-4AC7-B62B-FBA6D801A53A}.Release|Any CPU.Build.0 = Release|Any CPU
		{DC8A402B-24F2-4AC7-A65D-D7FA50468DB1}.Debug|Any CPU.ActiveCfg = Debug|Any CPU
		{DC8A402B-24F2-4AC7-A65D-D7FA50468DB1}.Debug|Any CPU.Build.0 = Debug|Any CPU
		{DC8A402B-24F2-4AC7-A65D-D7FA50468DB1}.Release|Any CPU.ActiveCfg = Release|Any CPU
		{DC8A402B-24F2-4AC7-A65D-D7FA50468DB1}.Release|Any CPU.Build.0 = Release|Any CPU
	EndGlobalSection
	GlobalSection(SolutionProperties) = preSolution
		HideSolutionNode = FALSE
	EndGlobalSection
	GlobalSection(ExtensibilityGlobals) = postSolution
		SolutionGuid = {09940237-109F-4C72-844E-2ECB5B87B520}
	EndGlobalSection
EndGlobal
